
Microsoft Visual Studio Solution File, Format Version 12.00
# Visual Studio Version 17
VisualStudioVersion = 17.6.33829.357
MinimumVisualStudioVersion = 10.0.40219.1
Project("{FAE04EC0-301F-11D3-BF4B-00C04F79EFBC}") = "XuLyNgoaiLe_ThrowTest", "XuLyNgoaiLe_ThrowTest\XuLyNgoaiLe_ThrowTest.csproj", "{B5E9F019-946D-49CF-89C5-59F01DEBDB91}"
EndProject
Project("{FAE04EC0-301F-11D3-BF4B-00C04F79EFBC}") = "XuLyNgoaiLe_Test", "XuLyNgoaiLe_Test\XuLyNgoaiLe_Test.csproj", "{DD7D42D9-FD6C-4FE8-8935-B01069896072}"
EndProject
Project("{FAE04EC0-301F-11D3-BF4B-00C04F79EFBC}") = "XuLyNgoaiLeBangTryCatch_Func1&Func2", "XuLyNgoaiLeBangTryCatch_Func1&Func2\XuLyNgoaiLeBangTryCatch_Func1&Func2.csproj", "{41803963-2124-456B-AF2D-1837884D60C7}"
EndProject
Project("{FAE04EC0-301F-11D3-BF4B-00C04F79EFBC}") = "XuLyNgoaiLeBangTryCatch_DivideErrorHandle", "XuLyNgoaiLeBangTryCatch_DivideErrorHandle\XuLyNgoaiLeBangTryCatch_DivideErrorHandle.csproj", "{4511FD94-9D59-4F8A-9B95-9A7520302DAD}"
EndProject
Project("{FAE04EC0-301F-11D3-BF4B-00C04F79EFBC}") = "ViDuVeLenhFinally_Test", "ViDuVeLenhFinally_Test\ViDuVeLenhFinally_Test.csproj", "{0575B29D-7EB0-4C2E-AF66-8166DC85337C}"
EndProject
Project("{FAE04EC0-301F-11D3-BF4B-00C04F79EFBC}") = "DynamicBindingExample_Duck&Person", "DynamicBindingExample_Duck&Person\DynamicBindingExample_Duck&Person.csproj", "{DB275BBF-04B0-4225-B21C-CA1FB3DB68D5}"
EndProject
Project("{FAE04EC0-301F-11D3-BF4B-00C04F79EFBC}") = "DynamicBindingExample_Operator", "DynamicBindingExample_Operator\DynamicBindingExample_Operator.csproj", "{2E89C9A6-F64A-4AE6-8AF3-A7F8209711B8}"
EndProject
Project("{FAE04EC0-301F-11D3-BF4B-00C04F79EFBC}") = "DelegateExample_Person", "DelegateExample_Person\DelegateExample_Person.csproj", "{30B4D032-B6F6-4AE3-9686-9571184DC6EE}"
EndProject
Project("{FAE04EC0-301F-11D3-BF4B-00C04F79EFBC}") = "MulticastDelegatesExample_Add", "DelegateExample_MulticastDelegates\MulticastDelegatesExample_Add.csproj", "{9D44F6DD-848F-4485-A51D-E5C05CB07E7D}"
EndProject
Project("{FAE04EC0-301F-11D3-BF4B-00C04F79EFBC}") = "GoiStaticMethodTuLopKhac_MethodDelegate", "GoiStaticMethodTuLopKhac_MethodDelegate\GoiStaticMethodTuLopKhac_MethodDelegate.csproj", "{6FF92CF4-37F6-4F5A-99EA-6048447DE616}"
EndProject
Project("{FAE04EC0-301F-11D3-BF4B-00C04F79EFBC}") = "MulticastDelegatesExample_Hello&Swim", "MulticastDelegatesExample_Hello&Swim\MulticastDelegatesExample_Hello&Swim.csproj", "{97FFE318-54AC-44A0-98E4-0C4BDF150688}"
EndProject
Project("{FAE04EC0-301F-11D3-BF4B-00C04F79EFBC}") = "EventExample_TextChanged", "EventExample_TextChanged\EventExample_TextChanged.csproj", "{0044C287-4D9A-43AC-8A48-3DBB406E3A1E}"
EndProject
Project("{FAE04EC0-301F-11D3-BF4B-00C04F79EFBC}") = "AnonymousMethodExample_TextChanged", "AnonymousMethodExample_TextChanged\AnonymousMethodExample_TextChanged.csproj", "{B8306F88-205A-41BE-B2B8-B2638D59EBE6}"
EndProject
Project("{FAE04EC0-301F-11D3-BF4B-00C04F79EFBC}") = "LambdaExpressionsExample_MultipliedBy10", "LambdaExpressions_MultipliedBy10\LambdaExpressionsExample_MultipliedBy10.csproj", "{17266E27-B5F7-419D-8AC7-2F0D08AD2362}"
EndProject
Project("{FAE04EC0-301F-11D3-BF4B-00C04F79EFBC}") = "ForeachTrenDoiTuong_InterfaceIEnumerable", "ForeachTrenDoiTuong_InterfaceIEnumerable\ForeachTrenDoiTuong_InterfaceIEnumerable.csproj", "{21DB50C4-CACC-4DBF-BC8C-E84BC04E137A}"
EndProject
Project("{FAE04EC0-301F-11D3-BF4B-00C04F79EFBC}") = "SoSanhHaiDoiTuong_InterfaceIComparableWithCompareTo()", "SoSanhHaiDoiTuong_InterfaceIComparableWithCompareTo()\SoSanhHaiDoiTuong_InterfaceIComparableWithCompareTo().csproj", "{9C398E27-26E4-41F0-9A52-D1992AA5A377}"
EndProject
Project("{FAE04EC0-301F-11D3-BF4B-00C04F79EFBC}") = "SoSanhDeSapXepHaiDoiTuongTrongTapHop_InterfaceIComparer", "SoSanhDeSapXepHaiDoiTuongTrongTapHop_InterfaceIComparer\SoSanhDeSapXepHaiDoiTuongTrongTapHop_InterfaceIComparer.csproj", "{62854ABF-2F4B-4CDC-A1D0-614930B9ABDA}"
EndProject
Project("{FAE04EC0-301F-11D3-BF4B-00C04F79EFBC}") = "ArrayListExample_Employee", "ArrayListExample_Employee\ArrayListExample_Employee.csproj", "{837637AE-6CFC-49F8-8C26-E6089125056E}"
EndProject
Project("{FAE04EC0-301F-11D3-BF4B-00C04F79EFBC}") = "QueueExample_Enqueue&Dequeue&Peek", "QueueExample_Enqueue&Dequeue&Peek\QueueExample_Enqueue&Dequeue&Peek.csproj", "{A1BB0D13-91AA-4101-9124-4C6AD5BDE3C0}"
EndProject
Project("{FAE04EC0-301F-11D3-BF4B-00C04F79EFBC}") = "StackExample_Push&Pop&Peek&CopyTo&ToArray", "StackExample_Push&Pop&Peek&CopyTo&ToArray\StackExample_Push&Pop&Peek&CopyTo&ToArray.csproj", "{C13F9DA1-6098-4D30-B8A9-9625AE3CF002}"
EndProject
Project("{FAE04EC0-301F-11D3-BF4B-00C04F79EFBC}") = "HashTablesExample_Add&TruyCap", "HashTablesExample_Add&TruyCap\HashTablesExample_Add&TruyCap.csproj", "{333F8B4C-A5C8-4ACF-A970-0385F136341D}"
EndProject
Project("{FAE04EC0-301F-11D3-BF4B-00C04F79EFBC}") = "DriveInfoExample_XemThongTinODia", "DriveInfoExample_XemThongTinODia\DriveInfoExample_XemThongTinODia.csproj", "{DB3DE9F5-EE28-477F-8563-E8A915C6E5E2}"
EndProject
Project("{FAE04EC0-301F-11D3-BF4B-00C04F79EFBC}") = "DirectoryInfo_TaoVaXoaThuMuc", "DirectoryInfo_TaoVaXoaThuMuc\DirectoryInfo_TaoVaXoaThuMuc.csproj", "{B6744DA1-B1BF-4717-BF88-799935737C7C}"
EndProject
Project("{FAE04EC0-301F-11D3-BF4B-00C04F79EFBC}") = "FileInfoExample_TaoDocGhiCopyXoaFile", "FileInfoExample_TaoDocGhiCopyXoaFile\FileInfoExample_TaoDocGhiCopyXoaFile.csproj", "{DF5F5239-9583-474F-8EDD-6DCF3868423B}"
EndProject
Project("{FAE04EC0-301F-11D3-BF4B-00C04F79EFBC}") = "StreamReaderExample_DocVanBan", "StreamReaderExample_DocVanBan\StreamReaderExample_DocVanBan.csproj", "{4602DDB6-C197-4BBD-B9F0-41966A37314E}"
EndProject
Project("{FAE04EC0-301F-11D3-BF4B-00C04F79EFBC}") = "StreamWriter_GhiVanBan", "StreamWriter_GhiVanBan\StreamWriter_GhiVanBan.csproj", "{40A841BF-A6F0-4A2E-BF2E-D9B42075F17D}"
EndProject
Project("{FAE04EC0-301F-11D3-BF4B-00C04F79EFBC}") = "BinaryReader&BinaryWriterExample_DocFileNhiPhan", "BinaryReader&BinaryWriterExample_DocFileNhiPhan\BinaryReader&BinaryWriterExample_DocFileNhiPhan.csproj", "{02C459A2-2914-47D7-BD04-5D122F5B04B9}"
EndProject
Project("{FAE04EC0-301F-11D3-BF4B-00C04F79EFBC}") = "BufferStreamExample_DocGhi", "BufferStreamExample_DocGhi\BufferStreamExample_DocGhi.csproj", "{BE7E9D55-C290-4950-8089-1E53F714CA13}"
EndProject
Global
	GlobalSection(SolutionConfigurationPlatforms) = preSolution
		Debug|Any CPU = Debug|Any CPU
		Release|Any CPU = Release|Any CPU
	EndGlobalSection
	GlobalSection(ProjectConfigurationPlatforms) = postSolution
		{B5E9F019-946D-49CF-89C5-59F01DEBDB91}.Debug|Any CPU.ActiveCfg = Debug|Any CPU
		{B5E9F019-946D-49CF-89C5-59F01DEBDB91}.Debug|Any CPU.Build.0 = Debug|Any CPU
		{B5E9F019-946D-49CF-89C5-59F01DEBDB91}.Release|Any CPU.ActiveCfg = Release|Any CPU
		{B5E9F019-946D-49CF-89C5-59F01DEBDB91}.Release|Any CPU.Build.0 = Release|Any CPU
		{DD7D42D9-FD6C-4FE8-8935-B01069896072}.Debug|Any CPU.ActiveCfg = Debug|Any CPU
		{DD7D42D9-FD6C-4FE8-8935-B01069896072}.Debug|Any CPU.Build.0 = Debug|Any CPU
		{DD7D42D9-FD6C-4FE8-8935-B01069896072}.Release|Any CPU.ActiveCfg = Release|Any CPU
		{DD7D42D9-FD6C-4FE8-8935-B01069896072}.Release|Any CPU.Build.0 = Release|Any CPU
		{41803963-2124-456B-AF2D-1837884D60C7}.Debug|Any CPU.ActiveCfg = Debug|Any CPU
		{41803963-2124-456B-AF2D-1837884D60C7}.Debug|Any CPU.Build.0 = Debug|Any CPU
		{41803963-2124-456B-AF2D-1837884D60C7}.Release|Any CPU.ActiveCfg = Release|Any CPU
		{41803963-2124-456B-AF2D-1837884D60C7}.Release|Any CPU.Build.0 = Release|Any CPU
		{4511FD94-9D59-4F8A-9B95-9A7520302DAD}.Debug|Any CPU.ActiveCfg = Debug|Any CPU
		{4511FD94-9D59-4F8A-9B95-9A7520302DAD}.Debug|Any CPU.Build.0 = Debug|Any CPU
		{4511FD94-9D59-4F8A-9B95-9A7520302DAD}.Release|Any CPU.ActiveCfg = Release|Any CPU
		{4511FD94-9D59-4F8A-9B95-9A7520302DAD}.Release|Any CPU.Build.0 = Release|Any CPU
		{0575B29D-7EB0-4C2E-AF66-8166DC85337C}.Debug|Any CPU.ActiveCfg = Debug|Any CPU
		{0575B29D-7EB0-4C2E-AF66-8166DC85337C}.Debug|Any CPU.Build.0 = Debug|Any CPU
		{0575B29D-7EB0-4C2E-AF66-8166DC85337C}.Release|Any CPU.ActiveCfg = Release|Any CPU
		{0575B29D-7EB0-4C2E-AF66-8166DC85337C}.Release|Any CPU.Build.0 = Release|Any CPU
		{DB275BBF-04B0-4225-B21C-CA1FB3DB68D5}.Debug|Any CPU.ActiveCfg = Debug|Any CPU
		{DB275BBF-04B0-4225-B21C-CA1FB3DB68D5}.Debug|Any CPU.Build.0 = Debug|Any CPU
		{DB275BBF-04B0-4225-B21C-CA1FB3DB68D5}.Release|Any CPU.ActiveCfg = Release|Any CPU
		{DB275BBF-04B0-4225-B21C-CA1FB3DB68D5}.Release|Any CPU.Build.0 = Release|Any CPU
		{2E89C9A6-F64A-4AE6-8AF3-A7F8209711B8}.Debug|Any CPU.ActiveCfg = Debug|Any CPU
		{2E89C9A6-F64A-4AE6-8AF3-A7F8209711B8}.Debug|Any CPU.Build.0 = Debug|Any CPU
		{2E89C9A6-F64A-4AE6-8AF3-A7F8209711B8}.Release|Any CPU.ActiveCfg = Release|Any CPU
		{2E89C9A6-F64A-4AE6-8AF3-A7F8209711B8}.Release|Any CPU.Build.0 = Release|Any CPU
		{30B4D032-B6F6-4AE3-9686-9571184DC6EE}.Debug|Any CPU.ActiveCfg = Debug|Any CPU
		{30B4D032-B6F6-4AE3-9686-9571184DC6EE}.Debug|Any CPU.Build.0 = Debug|Any CPU
		{30B4D032-B6F6-4AE3-9686-9571184DC6EE}.Release|Any CPU.ActiveCfg = Release|Any CPU
		{30B4D032-B6F6-4AE3-9686-9571184DC6EE}.Release|Any CPU.Build.0 = Release|Any CPU
		{9D44F6DD-848F-4485-A51D-E5C05CB07E7D}.Debug|Any CPU.ActiveCfg = Debug|Any CPU
		{9D44F6DD-848F-4485-A51D-E5C05CB07E7D}.Debug|Any CPU.Build.0 = Debug|Any CPU
		{9D44F6DD-848F-4485-A51D-E5C05CB07E7D}.Release|Any CPU.ActiveCfg = Release|Any CPU
		{9D44F6DD-848F-4485-A51D-E5C05CB07E7D}.Release|Any CPU.Build.0 = Release|Any CPU
		{6FF92CF4-37F6-4F5A-99EA-6048447DE616}.Debug|Any CPU.ActiveCfg = Debug|Any CPU
		{6FF92CF4-37F6-4F5A-99EA-6048447DE616}.Debug|Any CPU.Build.0 = Debug|Any CPU
		{6FF92CF4-37F6-4F5A-99EA-6048447DE616}.Release|Any CPU.ActiveCfg = Release|Any CPU
		{6FF92CF4-37F6-4F5A-99EA-6048447DE616}.Release|Any CPU.Build.0 = Release|Any CPU
		{97FFE318-54AC-44A0-98E4-0C4BDF150688}.Debug|Any CPU.ActiveCfg = Debug|Any CPU
		{97FFE318-54AC-44A0-98E4-0C4BDF150688}.Debug|Any CPU.Build.0 = Debug|Any CPU
		{97FFE318-54AC-44A0-98E4-0C4BDF150688}.Release|Any CPU.ActiveCfg = Release|Any CPU
		{97FFE318-54AC-44A0-98E4-0C4BDF150688}.Release|Any CPU.Build.0 = Release|Any CPU
		{0044C287-4D9A-43AC-8A48-3DBB406E3A1E}.Debug|Any CPU.ActiveCfg = Debug|Any CPU
		{0044C287-4D9A-43AC-8A48-3DBB406E3A1E}.Debug|Any CPU.Build.0 = Debug|Any CPU
		{0044C287-4D9A-43AC-8A48-3DBB406E3A1E}.Release|Any CPU.ActiveCfg = Release|Any CPU
		{0044C287-4D9A-43AC-8A48-3DBB406E3A1E}.Release|Any CPU.Build.0 = Release|Any CPU
		{B8306F88-205A-41BE-B2B8-B2638D59EBE6}.Debug|Any CPU.ActiveCfg = Debug|Any CPU
		{B8306F88-205A-41BE-B2B8-B2638D59EBE6}.Debug|Any CPU.Build.0 = Debug|Any CPU
		{B8306F88-205A-41BE-B2B8-B2638D59EBE6}.Release|Any CPU.ActiveCfg = Release|Any CPU
		{B8306F88-205A-41BE-B2B8-B2638D59EBE6}.Release|Any CPU.Build.0 = Release|Any CPU
		{17266E27-B5F7-419D-8AC7-2F0D08AD2362}.Debug|Any CPU.ActiveCfg = Debug|Any CPU
		{17266E27-B5F7-419D-8AC7-2F0D08AD2362}.Debug|Any CPU.Build.0 = Debug|Any CPU
		{17266E27-B5F7-419D-8AC7-2F0D08AD2362}.Release|Any CPU.ActiveCfg = Release|Any CPU
		{17266E27-B5F7-419D-8AC7-2F0D08AD2362}.Release|Any CPU.Build.0 = Release|Any CPU
		{21DB50C4-CACC-4DBF-BC8C-E84BC04E137A}.Debug|Any CPU.ActiveCfg = Debug|Any CPU
		{21DB50C4-CACC-4DBF-BC8C-E84BC04E137A}.Debug|Any CPU.Build.0 = Debug|Any CPU
		{21DB50C4-CACC-4DBF-BC8C-E84BC04E137A}.Release|Any CPU.ActiveCfg = Release|Any CPU
		{21DB50C4-CACC-4DBF-BC8C-E84BC04E137A}.Release|Any CPU.Build.0 = Release|Any CPU
		{9C398E27-26E4-41F0-9A52-D1992AA5A377}.Debug|Any CPU.ActiveCfg = Debug|Any CPU
		{9C398E27-26E4-41F0-9A52-D1992AA5A377}.Debug|Any CPU.Build.0 = Debug|Any CPU
		{9C398E27-26E4-41F0-9A52-D1992AA5A377}.Release|Any CPU.ActiveCfg = Release|Any CPU
		{9C398E27-26E4-41F0-9A52-D1992AA5A377}.Release|Any CPU.Build.0 = Release|Any CPU
		{62854ABF-2F4B-4CDC-A1D0-614930B9ABDA}.Debug|Any CPU.ActiveCfg = Debug|Any CPU
		{62854ABF-2F4B-4CDC-A1D0-614930B9ABDA}.Debug|Any CPU.Build.0 = Debug|Any CPU
		{62854ABF-2F4B-4CDC-A1D0-614930B9ABDA}.Release|Any CPU.ActiveCfg = Release|Any CPU
		{62854ABF-2F4B-4CDC-A1D0-614930B9ABDA}.Release|Any CPU.Build.0 = Release|Any CPU
		{837637AE-6CFC-49F8-8C26-E6089125056E}.Debug|Any CPU.ActiveCfg = Debug|Any CPU
		{837637AE-6CFC-49F8-8C26-E6089125056E}.Debug|Any CPU.Build.0 = Debug|Any CPU
		{837637AE-6CFC-49F8-8C26-E6089125056E}.Release|Any CPU.ActiveCfg = Release|Any CPU
		{837637AE-6CFC-49F8-8C26-E6089125056E}.Release|Any CPU.Build.0 = Release|Any CPU
		{A1BB0D13-91AA-4101-9124-4C6AD5BDE3C0}.Debug|Any CPU.ActiveCfg = Debug|Any CPU
		{A1BB0D13-91AA-4101-9124-4C6AD5BDE3C0}.Debug|Any CPU.Build.0 = Debug|Any CPU
		{A1BB0D13-91AA-4101-9124-4C6AD5BDE3C0}.Release|Any CPU.ActiveCfg = Release|Any CPU
		{A1BB0D13-91AA-4101-9124-4C6AD5BDE3C0}.Release|Any CPU.Build.0 = Release|Any CPU
		{C13F9DA1-6098-4D30-B8A9-9625AE3CF002}.Debug|Any CPU.ActiveCfg = Debug|Any CPU
		{C13F9DA1-6098-4D30-B8A9-9625AE3CF002}.Debug|Any CPU.Build.0 = Debug|Any CPU
		{C13F9DA1-6098-4D30-B8A9-9625AE3CF002}.Release|Any CPU.ActiveCfg = Release|Any CPU
		{C13F9DA1-6098-4D30-B8A9-9625AE3CF002}.Release|Any CPU.Build.0 = Release|Any CPU
		{333F8B4C-A5C8-4ACF-A970-0385F136341D}.Debug|Any CPU.ActiveCfg = Debug|Any CPU
		{333F8B4C-A5C8-4ACF-A970-0385F136341D}.Debug|Any CPU.Build.0 = Debug|Any CPU
		{333F8B4C-A5C8-4ACF-A970-0385F136341D}.Release|Any CPU.ActiveCfg = Release|Any CPU
		{333F8B4C-A5C8-4ACF-A970-0385F136341D}.Release|Any CPU.Build.0 = Release|Any CPU
		{DB3DE9F5-EE28-477F-8563-E8A915C6E5E2}.Debug|Any CPU.ActiveCfg = Debug|Any CPU
		{DB3DE9F5-EE28-477F-8563-E8A915C6E5E2}.Debug|Any CPU.Build.0 = Debug|Any CPU
		{DB3DE9F5-EE28-477F-8563-E8A915C6E5E2}.Release|Any CPU.ActiveCfg = Release|Any CPU
		{DB3DE9F5-EE28-477F-8563-E8A915C6E5E2}.Release|Any CPU.Build.0 = Release|Any CPU
		{B6744DA1-B1BF-4717-BF88-799935737C7C}.Debug|Any CPU.ActiveCfg = Debug|Any CPU
		{B6744DA1-B1BF-4717-BF88-799935737C7C}.Debug|Any CPU.Build.0 = Debug|Any CPU
		{B6744DA1-B1BF-4717-BF88-799935737C7C}.Release|Any CPU.ActiveCfg = Release|Any CPU
		{B6744DA1-B1BF-4717-BF88-799935737C7C}.Release|Any CPU.Build.0 = Release|Any CPU
		{DF5F5239-9583-474F-8EDD-6DCF3868423B}.Debug|Any CPU.ActiveCfg = Debug|Any CPU
		{DF5F5239-9583-474F-8EDD-6DCF3868423B}.Debug|Any CPU.Build.0 = Debug|Any CPU
		{DF5F5239-9583-474F-8EDD-6DCF3868423B}.Release|Any CPU.ActiveCfg = Release|Any CPU
		{DF5F5239-9583-474F-8EDD-6DCF3868423B}.Release|Any CPU.Build.0 = Release|Any CPU
		{4602DDB6-C197-4BBD-B9F0-41966A37314E}.Debug|Any CPU.ActiveCfg = Debug|Any CPU
		{4602DDB6-C197-4BBD-B9F0-41966A37314E}.Debug|Any CPU.Build.0 = Debug|Any CPU
		{4602DDB6-C197-4BBD-B9F0-41966A37314E}.Release|Any CPU.ActiveCfg = Release|Any CPU
		{4602DDB6-C197-4BBD-B9F0-41966A37314E}.Release|Any CPU.Build.0 = Release|Any CPU
		{40A841BF-A6F0-4A2E-BF2E-D9B42075F17D}.Debug|Any CPU.ActiveCfg = Debug|Any CPU
		{40A841BF-A6F0-4A2E-BF2E-D9B42075F17D}.Debug|Any CPU.Build.0 = Debug|Any CPU
		{40A841BF-A6F0-4A2E-BF2E-D9B42075F17D}.Release|Any CPU.ActiveCfg = Release|Any CPU
		{40A841BF-A6F0-4A2E-BF2E-D9B42075F17D}.Release|Any CPU.Build.0 = Release|Any CPU
		{02C459A2-2914-47D7-BD04-5D122F5B04B9}.Debug|Any CPU.ActiveCfg = Debug|Any CPU
		{02C459A2-2914-47D7-BD04-5D122F5B04B9}.Debug|Any CPU.Build.0 = Debug|Any CPU
		{02C459A2-2914-47D7-BD04-5D122F5B04B9}.Release|Any CPU.ActiveCfg = Release|Any CPU
		{02C459A2-2914-47D7-BD04-5D122F5B04B9}.Release|Any CPU.Build.0 = Release|Any CPU
		{BE7E9D55-C290-4950-8089-1E53F714CA13}.Debug|Any CPU.ActiveCfg = Debug|Any CPU
		{BE7E9D55-C290-4950-8089-1E53F714CA13}.Debug|Any CPU.Build.0 = Debug|Any CPU
		{BE7E9D55-C290-4950-8089-1E53F714CA13}.Release|Any CPU.ActiveCfg = Release|Any CPU
		{BE7E9D55-C290-4950-8089-1E53F714CA13}.Release|Any CPU.Build.0 = Release|Any CPU
	EndGlobalSection
	GlobalSection(SolutionProperties) = preSolution
		HideSolutionNode = FALSE
	EndGlobalSection
	GlobalSection(ExtensibilityGlobals) = postSolution
		SolutionGuid = {36945C19-CF54-450D-8CB2-04915305489F}
	EndGlobalSection
EndGlobal
