
Microsoft Visual Studio Solution File, Format Version 12.00
# Visual Studio Version 17
VisualStudioVersion = 17.6.33829.357
MinimumVisualStudioVersion = 10.0.40219.1
Project("{FAE04EC0-301F-11D3-BF4B-00C04F79EFBC}") = "TaoCacCotChoListViewDetail-listView1", "TaoCacCotChoListViewDetail-listView1\TaoCacCotChoListViewDetail-listView1.csproj", "{83FF3F71-C460-465F-83C1-98A4DEA71F4A}"
EndProject
Project("{FAE04EC0-301F-11D3-BF4B-00C04F79EFBC}") = "ThemItemVaoListViewBangCode_item1&Subitem1", "ThemItemVaoListViewBangCode_item1&Subitem1\ThemItemVaoListViewBangCode_item1&Subitem1.csproj", "{15553724-D5E6-4BFC-BBF1-72C6E91AB7BA}"
EndProject
Project("{FAE04EC0-301F-11D3-BF4B-00C04F79EFBC}") = "SuKienSelectedIndexChanged_listView1", "SuKienSelectedIndexChanged_listView1\SuKienSelectedIndexChanged_listView1.csproj", "{09E1A259-4E98-4BA4-9D1A-F08E8D7CE958}"
EndProject
Project("{FAE04EC0-301F-11D3-BF4B-00C04F79EFBC}") = "MinhHoaGroupBox_groupBox1", "MinhHoaGroupBox_groupBox1\MinhHoaGroupBox_groupBox1.csproj", "{7B8234C5-5FE5-4EC7-9066-88221BECA290}"
EndProject
Project("{FAE04EC0-301F-11D3-BF4B-00C04F79EFBC}") = "MinhHoaPanel_panel1", "MinhHoaPanel_panel1\MinhHoaPanel_panel1.csproj", "{50C3FD78-0F55-46D2-A124-42A1F4EB440C}"
EndProject
Project("{FAE04EC0-301F-11D3-BF4B-00C04F79EFBC}") = "ThuocTinhTabPages_TabControl1", "ThuocTinhTabPages_TabControl1\ThuocTinhTabPages_TabControl1.csproj", "{F28E8CF1-E40C-4109-B26E-21C9E5AA0A7A}"
EndProject
Project("{FAE04EC0-301F-11D3-BF4B-00C04F79EFBC}") = "ThuocTinhAppearance_TabControl1", "ThuocTinhAppearance_TabControl1\ThuocTinhAppearance_TabControl1.csproj", "{44640E28-E402-4F71-BD12-BF69D186D589}"
EndProject
Project("{FAE04EC0-301F-11D3-BF4B-00C04F79EFBC}") = "CodeThemTabPageVaoTabControl_AddTabControl()", "CodeThemTabPageVaoTabControl_AddTabControl()\CodeThemTabPageVaoTabControl_AddTabControl().csproj", "{103ACDCA-C8A0-4827-8567-48AA2CCDB209}"
EndProject
Project("{FAE04EC0-301F-11D3-BF4B-00C04F79EFBC}") = "CheckBoxExample_ShopBuy", "CheckBoxExample_ShopBuy\CheckBoxExample_ShopBuy.csproj", "{E31B7ACF-0FD4-48B7-9444-08FE50BB6DD6}"
EndProject
Project("{FAE04EC0-301F-11D3-BF4B-00C04F79EFBC}") = "RadioButton_TestRadioButton", "RadioButton_TestRadioButton\RadioButton_TestRadioButton.csproj", "{F8D1F307-0B9D-4B32-B29C-83BBC6D6DE67}"
EndProject
Project("{FAE04EC0-301F-11D3-BF4B-00C04F79EFBC}") = "CheckedListBoxExample_SelectedIndexChanged", "CheckedListBoxExample_SelectedIndexChanged\CheckedListBoxExample_SelectedIndexChanged.csproj", "{A57EBA5B-8EDD-48AE-9C0C-C4BD1AA7B3C1}"
EndProject
Project("{FAE04EC0-301F-11D3-BF4B-00C04F79EFBC}") = "LableHienThiGiaTriTrackBar_Scroll", "LableHienThiGiaTriTrackBar_Scroll\LableHienThiGiaTriTrackBar_Scroll.csproj", "{3A502C5E-5EDF-4A6A-B135-69A9898E8E76}"
EndProject
Project("{FAE04EC0-301F-11D3-BF4B-00C04F79EFBC}") = "TrackBarExample_KhoiTaoBangCode", "TrackBarExample_KhoiTaoBangCode\TrackBarExample_KhoiTaoBangCode.csproj", "{90D1458B-148E-4C8A-9C72-CC6D080EFE3C}"
EndProject
Project("{FAE04EC0-301F-11D3-BF4B-00C04F79EFBC}") = "ImageListExample_DemoImageList", "ImageListExample_DemoImageList\ImageListExample_DemoImageList.csproj", "{6E6C5CEC-7009-4108-814C-B345140E54AC}"
EndProject
Project("{FAE04EC0-301F-11D3-BF4B-00C04F79EFBC}") = "CodeThemControlNumericUpDown_AddNumericUpDown", "CodeThemControlNumericUpDown_AddNumericUpDown\CodeThemControlNumericUpDown_AddNumericUpDown.csproj", "{6AD982BD-4FF4-492C-BD1A-2CD113302803}"
EndProject
Project("{FAE04EC0-301F-11D3-BF4B-00C04F79EFBC}") = "DomainUpDownExample_AddItems", "DomainUpDownExample_AddItems\DomainUpDownExample_AddItems.csproj", "{8D3BAAAC-525F-4B59-B4B5-EB114E13F082}"
EndProject
Project("{FAE04EC0-301F-11D3-BF4B-00C04F79EFBC}") = "CodeThemDateTimePicker_AddDateTimePicker", "CodeThemDateTimePicker_AddDateTimePicker\CodeThemDateTimePicker_AddDateTimePicker.csproj", "{AEF6F998-4F81-46CC-A099-C9E0CE9063F3}"
EndProject
Project("{FAE04EC0-301F-11D3-BF4B-00C04F79EFBC}") = "MonthCalendarExample_AddMonthCalendar", "MonthCalendarExample_AddMonthCalendar\MonthCalendarExample_AddMonthCalendar.csproj", "{9F1E07DE-7FFE-4A47-954B-1F94716A2590}"
EndProject
Project("{FAE04EC0-301F-11D3-BF4B-00C04F79EFBC}") = "RichTextBoxExample_MicrosoftWordClone", "RichTextBoxExample_MicrosoftWordClone\RichTextBoxExample_MicrosoftWordClone.csproj", "{09691B02-DED3-4AED-AA4A-401D2A8DD21B}"
EndProject
Project("{FAE04EC0-301F-11D3-BF4B-00C04F79EFBC}") = "TimerExample_HienGioHeThong", "TimerExample_HienGioHeThong\TimerExample_HienGioHeThong.csproj", "{32688524-D1E0-4AD1-B9CA-4ADAFB46AF0E}"
EndProject
Project("{FAE04EC0-301F-11D3-BF4B-00C04F79EFBC}") = "ProgressBarExample_IncreaseOnButtonClick", "ProgressBarExample_IncreaseOnButtonClick\ProgressBarExample_IncreaseOnButtonClick.csproj", "{DFCB3FF9-2E02-41D2-B99F-6C2C485A322F}"
EndProject
Project("{FAE04EC0-301F-11D3-BF4B-00C04F79EFBC}") = "ToolTipExample_AddToolTip", "ToolTipExample_AddToolTip\ToolTipExample_AddToolTip.csproj", "{70078046-3966-4F7D-B317-84D316BE8D9C}"
EndProject
Project("{FAE04EC0-301F-11D3-BF4B-00C04F79EFBC}") = "MouseEvent_HienThiToaDo", "MouseEvent_HienThiToaDo\MouseEvent_HienThiToaDo.csproj", "{43C4D12B-C4CD-4A37-886B-D3C8BD03E3AB}"
EndProject
Project("{FAE04EC0-301F-11D3-BF4B-00C04F79EFBC}") = "MouseEventExample_VeHieuUng", "MouseEventExample_VeHieuUng\MouseEventExample_VeHieuUng.csproj", "{43AD281A-68F0-4550-A3FC-8DAAE0E51848}"
EndProject
Project("{FAE04EC0-301F-11D3-BF4B-00C04F79EFBC}") = "KeyboardEvent_KeyDown&KeyPress", "KeyboardEvent_KeyDown&KeyPress\KeyboardEvent_KeyDown&KeyPress.csproj", "{868F097A-4B16-46F2-A49D-301BF948C527}"
EndProject
Project("{FAE04EC0-301F-11D3-BF4B-00C04F79EFBC}") = "BaiTap2_MayTinhPhanSoCaiTien", "BaiTap_PhepToanPhanSo\BaiTap2_MayTinhPhanSoCaiTien.csproj", "{4311923C-70C7-4B27-B8B3-BFE421ED7F47}"
EndProject
Global
	GlobalSection(SolutionConfigurationPlatforms) = preSolution
		Debug|Any CPU = Debug|Any CPU
		Release|Any CPU = Release|Any CPU
	EndGlobalSection
	GlobalSection(ProjectConfigurationPlatforms) = postSolution
		{83FF3F71-C460-465F-83C1-98A4DEA71F4A}.Debug|Any CPU.ActiveCfg = Debug|Any CPU
		{83FF3F71-C460-465F-83C1-98A4DEA71F4A}.Debug|Any CPU.Build.0 = Debug|Any CPU
		{83FF3F71-C460-465F-83C1-98A4DEA71F4A}.Release|Any CPU.ActiveCfg = Release|Any CPU
		{83FF3F71-C460-465F-83C1-98A4DEA71F4A}.Release|Any CPU.Build.0 = Release|Any CPU
		{15553724-D5E6-4BFC-BBF1-72C6E91AB7BA}.Debug|Any CPU.ActiveCfg = Debug|Any CPU
		{15553724-D5E6-4BFC-BBF1-72C6E91AB7BA}.Debug|Any CPU.Build.0 = Debug|Any CPU
		{15553724-D5E6-4BFC-BBF1-72C6E91AB7BA}.Release|Any CPU.ActiveCfg = Release|Any CPU
		{15553724-D5E6-4BFC-BBF1-72C6E91AB7BA}.Release|Any CPU.Build.0 = Release|Any CPU
		{09E1A259-4E98-4BA4-9D1A-F08E8D7CE958}.Debug|Any CPU.ActiveCfg = Debug|Any CPU
		{09E1A259-4E98-4BA4-9D1A-F08E8D7CE958}.Debug|Any CPU.Build.0 = Debug|Any CPU
		{09E1A259-4E98-4BA4-9D1A-F08E8D7CE958}.Release|Any CPU.ActiveCfg = Release|Any CPU
		{09E1A259-4E98-4BA4-9D1A-F08E8D7CE958}.Release|Any CPU.Build.0 = Release|Any CPU
		{7B8234C5-5FE5-4EC7-9066-88221BECA290}.Debug|Any CPU.ActiveCfg = Debug|Any CPU
		{7B8234C5-5FE5-4EC7-9066-88221BECA290}.Debug|Any CPU.Build.0 = Debug|Any CPU
		{7B8234C5-5FE5-4EC7-9066-88221BECA290}.Release|Any CPU.ActiveCfg = Release|Any CPU
		{7B8234C5-5FE5-4EC7-9066-88221BECA290}.Release|Any CPU.Build.0 = Release|Any CPU
		{50C3FD78-0F55-46D2-A124-42A1F4EB440C}.Debug|Any CPU.ActiveCfg = Debug|Any CPU
		{50C3FD78-0F55-46D2-A124-42A1F4EB440C}.Debug|Any CPU.Build.0 = Debug|Any CPU
		{50C3FD78-0F55-46D2-A124-42A1F4EB440C}.Release|Any CPU.ActiveCfg = Release|Any CPU
		{50C3FD78-0F55-46D2-A124-42A1F4EB440C}.Release|Any CPU.Build.0 = Release|Any CPU
		{F28E8CF1-E40C-4109-B26E-21C9E5AA0A7A}.Debug|Any CPU.ActiveCfg = Debug|Any CPU
		{F28E8CF1-E40C-4109-B26E-21C9E5AA0A7A}.Debug|Any CPU.Build.0 = Debug|Any CPU
		{F28E8CF1-E40C-4109-B26E-21C9E5AA0A7A}.Release|Any CPU.ActiveCfg = Release|Any CPU
		{F28E8CF1-E40C-4109-B26E-21C9E5AA0A7A}.Release|Any CPU.Build.0 = Release|Any CPU
		{44640E28-E402-4F71-BD12-BF69D186D589}.Debug|Any CPU.ActiveCfg = Debug|Any CPU
		{44640E28-E402-4F71-BD12-BF69D186D589}.Debug|Any CPU.Build.0 = Debug|Any CPU
		{44640E28-E402-4F71-BD12-BF69D186D589}.Release|Any CPU.ActiveCfg = Release|Any CPU
		{44640E28-E402-4F71-BD12-BF69D186D589}.Release|Any CPU.Build.0 = Release|Any CPU
		{103ACDCA-C8A0-4827-8567-48AA2CCDB209}.Debug|Any CPU.ActiveCfg = Debug|Any CPU
		{103ACDCA-C8A0-4827-8567-48AA2CCDB209}.Debug|Any CPU.Build.0 = Debug|Any CPU
		{103ACDCA-C8A0-4827-8567-48AA2CCDB209}.Release|Any CPU.ActiveCfg = Release|Any CPU
		{103ACDCA-C8A0-4827-8567-48AA2CCDB209}.Release|Any CPU.Build.0 = Release|Any CPU
		{E31B7ACF-0FD4-48B7-9444-08FE50BB6DD6}.Debug|Any CPU.ActiveCfg = Debug|Any CPU
		{E31B7ACF-0FD4-48B7-9444-08FE50BB6DD6}.Debug|Any CPU.Build.0 = Debug|Any CPU
		{E31B7ACF-0FD4-48B7-9444-08FE50BB6DD6}.Release|Any CPU.ActiveCfg = Release|Any CPU
		{E31B7ACF-0FD4-48B7-9444-08FE50BB6DD6}.Release|Any CPU.Build.0 = Release|Any CPU
		{F8D1F307-0B9D-4B32-B29C-83BBC6D6DE67}.Debug|Any CPU.ActiveCfg = Debug|Any CPU
		{F8D1F307-0B9D-4B32-B29C-83BBC6D6DE67}.Debug|Any CPU.Build.0 = Debug|Any CPU
		{F8D1F307-0B9D-4B32-B29C-83BBC6D6DE67}.Release|Any CPU.ActiveCfg = Release|Any CPU
		{F8D1F307-0B9D-4B32-B29C-83BBC6D6DE67}.Release|Any CPU.Build.0 = Release|Any CPU
		{A57EBA5B-8EDD-48AE-9C0C-C4BD1AA7B3C1}.Debug|Any CPU.ActiveCfg = Debug|Any CPU
		{A57EBA5B-8EDD-48AE-9C0C-C4BD1AA7B3C1}.Debug|Any CPU.Build.0 = Debug|Any CPU
		{A57EBA5B-8EDD-48AE-9C0C-C4BD1AA7B3C1}.Release|Any CPU.ActiveCfg = Release|Any CPU
		{A57EBA5B-8EDD-48AE-9C0C-C4BD1AA7B3C1}.Release|Any CPU.Build.0 = Release|Any CPU
		{3A502C5E-5EDF-4A6A-B135-69A9898E8E76}.Debug|Any CPU.ActiveCfg = Debug|Any CPU
		{3A502C5E-5EDF-4A6A-B135-69A9898E8E76}.Debug|Any CPU.Build.0 = Debug|Any CPU
		{3A502C5E-5EDF-4A6A-B135-69A9898E8E76}.Release|Any CPU.ActiveCfg = Release|Any CPU
		{3A502C5E-5EDF-4A6A-B135-69A9898E8E76}.Release|Any CPU.Build.0 = Release|Any CPU
		{90D1458B-148E-4C8A-9C72-CC6D080EFE3C}.Debug|Any CPU.ActiveCfg = Debug|Any CPU
		{90D1458B-148E-4C8A-9C72-CC6D080EFE3C}.Debug|Any CPU.Build.0 = Debug|Any CPU
		{90D1458B-148E-4C8A-9C72-CC6D080EFE3C}.Release|Any CPU.ActiveCfg = Release|Any CPU
		{90D1458B-148E-4C8A-9C72-CC6D080EFE3C}.Release|Any CPU.Build.0 = Release|Any CPU
		{6E6C5CEC-7009-4108-814C-B345140E54AC}.Debug|Any CPU.ActiveCfg = Debug|Any CPU
		{6E6C5CEC-7009-4108-814C-B345140E54AC}.Debug|Any CPU.Build.0 = Debug|Any CPU
		{6E6C5CEC-7009-4108-814C-B345140E54AC}.Release|Any CPU.ActiveCfg = Release|Any CPU
		{6E6C5CEC-7009-4108-814C-B345140E54AC}.Release|Any CPU.Build.0 = Release|Any CPU
		{6AD982BD-4FF4-492C-BD1A-2CD113302803}.Debug|Any CPU.ActiveCfg = Debug|Any CPU
		{6AD982BD-4FF4-492C-BD1A-2CD113302803}.Debug|Any CPU.Build.0 = Debug|Any CPU
		{6AD982BD-4FF4-492C-BD1A-2CD113302803}.Release|Any CPU.ActiveCfg = Release|Any CPU
		{6AD982BD-4FF4-492C-BD1A-2CD113302803}.Release|Any CPU.Build.0 = Release|Any CPU
		{8D3BAAAC-525F-4B59-B4B5-EB114E13F082}.Debug|Any CPU.ActiveCfg = Debug|Any CPU
		{8D3BAAAC-525F-4B59-B4B5-EB114E13F082}.Debug|Any CPU.Build.0 = Debug|Any CPU
		{8D3BAAAC-525F-4B59-B4B5-EB114E13F082}.Release|Any CPU.ActiveCfg = Release|Any CPU
		{8D3BAAAC-525F-4B59-B4B5-EB114E13F082}.Release|Any CPU.Build.0 = Release|Any CPU
		{AEF6F998-4F81-46CC-A099-C9E0CE9063F3}.Debug|Any CPU.ActiveCfg = Debug|Any CPU
		{AEF6F998-4F81-46CC-A099-C9E0CE9063F3}.Debug|Any CPU.Build.0 = Debug|Any CPU
		{AEF6F998-4F81-46CC-A099-C9E0CE9063F3}.Release|Any CPU.ActiveCfg = Release|Any CPU
		{AEF6F998-4F81-46CC-A099-C9E0CE9063F3}.Release|Any CPU.Build.0 = Release|Any CPU
		{9F1E07DE-7FFE-4A47-954B-1F94716A2590}.Debug|Any CPU.ActiveCfg = Debug|Any CPU
		{9F1E07DE-7FFE-4A47-954B-1F94716A2590}.Debug|Any CPU.Build.0 = Debug|Any CPU
		{9F1E07DE-7FFE-4A47-954B-1F94716A2590}.Release|Any CPU.ActiveCfg = Release|Any CPU
		{9F1E07DE-7FFE-4A47-954B-1F94716A2590}.Release|Any CPU.Build.0 = Release|Any CPU
		{09691B02-DED3-4AED-AA4A-401D2A8DD21B}.Debug|Any CPU.ActiveCfg = Debug|Any CPU
		{09691B02-DED3-4AED-AA4A-401D2A8DD21B}.Debug|Any CPU.Build.0 = Debug|Any CPU
		{09691B02-DED3-4AED-AA4A-401D2A8DD21B}.Release|Any CPU.ActiveCfg = Release|Any CPU
		{09691B02-DED3-4AED-AA4A-401D2A8DD21B}.Release|Any CPU.Build.0 = Release|Any CPU
		{32688524-D1E0-4AD1-B9CA-4ADAFB46AF0E}.Debug|Any CPU.ActiveCfg = Debug|Any CPU
		{32688524-D1E0-4AD1-B9CA-4ADAFB46AF0E}.Debug|Any CPU.Build.0 = Debug|Any CPU
		{32688524-D1E0-4AD1-B9CA-4ADAFB46AF0E}.Release|Any CPU.ActiveCfg = Release|Any CPU
		{32688524-D1E0-4AD1-B9CA-4ADAFB46AF0E}.Release|Any CPU.Build.0 = Release|Any CPU
		{DFCB3FF9-2E02-41D2-B99F-6C2C485A322F}.Debug|Any CPU.ActiveCfg = Debug|Any CPU
		{DFCB3FF9-2E02-41D2-B99F-6C2C485A322F}.Debug|Any CPU.Build.0 = Debug|Any CPU
		{DFCB3FF9-2E02-41D2-B99F-6C2C485A322F}.Release|Any CPU.ActiveCfg = Release|Any CPU
		{DFCB3FF9-2E02-41D2-B99F-6C2C485A322F}.Release|Any CPU.Build.0 = Release|Any CPU
		{70078046-3966-4F7D-B317-84D316BE8D9C}.Debug|Any CPU.ActiveCfg = Debug|Any CPU
		{70078046-3966-4F7D-B317-84D316BE8D9C}.Debug|Any CPU.Build.0 = Debug|Any CPU
		{70078046-3966-4F7D-B317-84D316BE8D9C}.Release|Any CPU.ActiveCfg = Release|Any CPU
		{70078046-3966-4F7D-B317-84D316BE8D9C}.Release|Any CPU.Build.0 = Release|Any CPU
		{43C4D12B-C4CD-4A37-886B-D3C8BD03E3AB}.Debug|Any CPU.ActiveCfg = Debug|Any CPU
		{43C4D12B-C4CD-4A37-886B-D3C8BD03E3AB}.Debug|Any CPU.Build.0 = Debug|Any CPU
		{43C4D12B-C4CD-4A37-886B-D3C8BD03E3AB}.Release|Any CPU.ActiveCfg = Release|Any CPU
		{43C4D12B-C4CD-4A37-886B-D3C8BD03E3AB}.Release|Any CPU.Build.0 = Release|Any CPU
		{43AD281A-68F0-4550-A3FC-8DAAE0E51848}.Debug|Any CPU.ActiveCfg = Debug|Any CPU
		{43AD281A-68F0-4550-A3FC-8DAAE0E51848}.Debug|Any CPU.Build.0 = Debug|Any CPU
		{43AD281A-68F0-4550-A3FC-8DAAE0E51848}.Release|Any CPU.ActiveCfg = Release|Any CPU
		{43AD281A-68F0-4550-A3FC-8DAAE0E51848}.Release|Any CPU.Build.0 = Release|Any CPU
		{868F097A-4B16-46F2-A49D-301BF948C527}.Debug|Any CPU.ActiveCfg = Debug|Any CPU
		{868F097A-4B16-46F2-A49D-301BF948C527}.Debug|Any CPU.Build.0 = Debug|Any CPU
		{868F097A-4B16-46F2-A49D-301BF948C527}.Release|Any CPU.ActiveCfg = Release|Any CPU
		{868F097A-4B16-46F2-A49D-301BF948C527}.Release|Any CPU.Build.0 = Release|Any CPU
		{4311923C-70C7-4B27-B8B3-BFE421ED7F47}.Debug|Any CPU.ActiveCfg = Debug|Any CPU
		{4311923C-70C7-4B27-B8B3-BFE421ED7F47}.Debug|Any CPU.Build.0 = Debug|Any CPU
		{4311923C-70C7-4B27-B8B3-BFE421ED7F47}.Release|Any CPU.ActiveCfg = Release|Any CPU
		{4311923C-70C7-4B27-B8B3-BFE421ED7F47}.Release|Any CPU.Build.0 = Release|Any CPU
	EndGlobalSection
	GlobalSection(SolutionProperties) = preSolution
		HideSolutionNode = FALSE
	EndGlobalSection
	GlobalSection(ExtensibilityGlobals) = postSolution
		SolutionGuid = {32BB3EAB-CA84-417D-AD0E-27EC943A9926}
	EndGlobalSection
EndGlobal
