
Microsoft Visual Studio Solution File, Format Version 12.00
# Visual Studio Version 17
VisualStudioVersion = 17.6.33829.357
MinimumVisualStudioVersion = 10.0.40219.1
Project("{FAE04EC0-301F-11D3-BF4B-00C04F79EFBC}") = "WpfApp1", "WpfApp1\WpfApp1.csproj", "{4794882B-330E-4F39-8134-56CE6BB74AB1}"
EndProject
Global
	GlobalSection(SolutionConfigurationPlatforms) = preSolution
		Debug|Any CPU = Debug|Any CPU
		Release|Any CPU = Release|Any CPU
	EndGlobalSection
	GlobalSection(ProjectConfigurationPlatforms) = postSolution
		{4794882B-330E-4F39-8134-56CE6BB74AB1}.Debug|Any CPU.ActiveCfg = Debug|Any CPU
		{4794882B-330E-4F39-8134-56CE6BB74AB1}.Debug|Any CPU.Build.0 = Debug|Any CPU
		{4794882B-330E-4F39-8134-56CE6BB74AB1}.Release|Any CPU.ActiveCfg = Release|Any CPU
		{4794882B-330E-4F39-8134-56CE6BB74AB1}.Release|Any CPU.Build.0 = Release|Any CPU
	EndGlobalSection
	GlobalSection(SolutionProperties) = preSolution
		HideSolutionNode = FALSE
	EndGlobalSection
	GlobalSection(ExtensibilityGlobals) = postSolution
		SolutionGuid = {70861D63-93FC-4AE7-9C5D-4F1808713030}
	EndGlobalSection
EndGlobal
