
Microsoft Visual Studio Solution File, Format Version 12.00
# Visual Studio Version 17
VisualStudioVersion = 17.6.33829.357
MinimumVisualStudioVersion = 10.0.40219.1
Project("{FAE04EC0-301F-11D3-BF4B-00C04F79EFBC}") = "ConsoleApp1", "ConsoleApp1\ConsoleApp1.csproj", "{478A1484-7EFA-4830-847D-641453FF2076}"
EndProject
Project("{FAE04EC0-301F-11D3-BF4B-00C04F79EFBC}") = "BaiTap1_SoNgayCuaThang", "BaiTap1_SoNgayCuaThang\BaiTap1_SoNgayCuaThang.csproj", "{96315F77-5430-4E4A-A41B-07EB5E5A9DD7}"
EndProject
Project("{FAE04EC0-301F-11D3-BF4B-00C04F79EFBC}") = "BaiTap2_MangSo", "BaiTap2_MangSo\BaiTap2_MangSo.csproj", "{5037461C-7518-488D-8518-C9EDC8796F51}"
EndProject
Project("{FAE04EC0-301F-11D3-BF4B-00C04F79EFBC}") = "BaiTap3_MaTran", "BaiTap3_MaTran\BaiTap3_MaTran.csproj", "{4FB93B1F-0AD2-43E8-AB0F-622524803BCE}"
EndProject
Global
	GlobalSection(SolutionConfigurationPlatforms) = preSolution
		Debug|Any CPU = Debug|Any CPU
		Release|Any CPU = Release|Any CPU
	EndGlobalSection
	GlobalSection(ProjectConfigurationPlatforms) = postSolution
		{478A1484-7EFA-4830-847D-641453FF2076}.Debug|Any CPU.ActiveCfg = Debug|Any CPU
		{478A1484-7EFA-4830-847D-641453FF2076}.Debug|Any CPU.Build.0 = Debug|Any CPU
		{478A1484-7EFA-4830-847D-641453FF2076}.Release|Any CPU.ActiveCfg = Release|Any CPU
		{478A1484-7EFA-4830-847D-641453FF2076}.Release|Any CPU.Build.0 = Release|Any CPU
		{96315F77-5430-4E4A-A41B-07EB5E5A9DD7}.Debug|Any CPU.ActiveCfg = Debug|Any CPU
		{96315F77-5430-4E4A-A41B-07EB5E5A9DD7}.Debug|Any CPU.Build.0 = Debug|Any CPU
		{96315F77-5430-4E4A-A41B-07EB5E5A9DD7}.Release|Any CPU.ActiveCfg = Release|Any CPU
		{96315F77-5430-4E4A-A41B-07EB5E5A9DD7}.Release|Any CPU.Build.0 = Release|Any CPU
		{5037461C-7518-488D-8518-C9EDC8796F51}.Debug|Any CPU.ActiveCfg = Debug|Any CPU
		{5037461C-7518-488D-8518-C9EDC8796F51}.Debug|Any CPU.Build.0 = Debug|Any CPU
		{5037461C-7518-488D-8518-C9EDC8796F51}.Release|Any CPU.ActiveCfg = Release|Any CPU
		{5037461C-7518-488D-8518-C9EDC8796F51}.Release|Any CPU.Build.0 = Release|Any CPU
		{4FB93B1F-0AD2-43E8-AB0F-622524803BCE}.Debug|Any CPU.ActiveCfg = Debug|Any CPU
		{4FB93B1F-0AD2-43E8-AB0F-622524803BCE}.Debug|Any CPU.Build.0 = Debug|Any CPU
		{4FB93B1F-0AD2-43E8-AB0F-622524803BCE}.Release|Any CPU.ActiveCfg = Release|Any CPU
		{4FB93B1F-0AD2-43E8-AB0F-622524803BCE}.Release|Any CPU.Build.0 = Release|Any CPU
	EndGlobalSection
	GlobalSection(SolutionProperties) = preSolution
		HideSolutionNode = FALSE
	EndGlobalSection
	GlobalSection(ExtensibilityGlobals) = postSolution
		SolutionGuid = {6DFA2D9D-F306-4C29-9F1A-1B31028ADBC1}
	EndGlobalSection
EndGlobal
