
Microsoft Visual Studio Solution File, Format Version 12.00
# Visual Studio Version 17
VisualStudioVersion = 17.6.33829.357
MinimumVisualStudioVersion = 10.0.40219.1
Project("{FAE04EC0-301F-11D3-BF4B-00C04F79EFBC}") = "MultipleDocumentInterfaceExample_PixViewXemAnh", "MultipleDocumentInterfaceExample_PixViewXemAnh\MultipleDocumentInterfaceExample_PixViewXemAnh.csproj", "{E5080FC2-930F-4E71-A4C5-8C3C6F7378AD}"
EndProject
Project("{FAE04EC0-301F-11D3-BF4B-00C04F79EFBC}") = "MenuStripExample_ShortcutKey", "MenuStripExample_ShortcutKey\MenuStripExample_ShortcutKey.csproj", "{95472BA6-DD93-4DCD-A76F-92D8FD625C2C}"
EndProject
Project("{FAE04EC0-301F-11D3-BF4B-00C04F79EFBC}") = "MenuStripItemExample_TextBox&ComboBox", "MenuStripItemExample_TextBox&ComboBox\MenuStripItemExample_TextBox&ComboBox.csproj", "{C4EA3544-C54C-450C-8FBA-DF5EFCBEB41E}"
EndProject
Project("{FAE04EC0-301F-11D3-BF4B-00C04F79EFBC}") = "MenuStripExample_ClickItemEvent", "MenuStripExample_ClickItemEvent\MenuStripExample_ClickItemEvent.csproj", "{DA3382F2-86BD-4166-86C2-5B44B8FA90AF}"
EndProject
Project("{FAE04EC0-301F-11D3-BF4B-00C04F79EFBC}") = "ContextMenuDemo_ContextMenuShowWhenClickListBox", "ContextMenuDemo_ContextMenuShowWhenClickListBox\ContextMenuDemo_ContextMenuShowWhenClickListBox.csproj", "{CC438BDC-7B4F-4589-9585-FFA940EC0E2F}"
EndProject
Project("{FAE04EC0-301F-11D3-BF4B-00C04F79EFBC}") = "ToolStripDemo_ChromeClone", "ToolStripDemo_ChromeClone\ToolStripDemo_ChromeClone.csproj", "{4B39D2E9-7855-4B15-861D-DEA75087374F}"
EndProject
Project("{FAE04EC0-301F-11D3-BF4B-00C04F79EFBC}") = "StatusStripDemo_TimerTick", "StatusStripDemo_TimerTick\StatusStripDemo_TimerTick.csproj", "{273D03D1-B5FC-4F93-A141-C61BEA518F6B}"
EndProject
Project("{FAE04EC0-301F-11D3-BF4B-00C04F79EFBC}") = "StatusStripDemo_Hyperlink", "StatusStripDemo_Hyperlink\StatusStripDemo_Hyperlink.csproj", "{0FCFF6FE-51A4-4CB4-BCF7-383EBFD55CDB}"
EndProject
Project("{FAE04EC0-301F-11D3-BF4B-00C04F79EFBC}") = "OpenFileDialogExample_KhongDungToolBox", "OpenFileDialogExample_KhongDungToolBox\OpenFileDialogExample_KhongDungToolBox.csproj", "{41DB1838-7EE3-44E2-8086-20AF9A30DC89}"
EndProject
Project("{FAE04EC0-301F-11D3-BF4B-00C04F79EFBC}") = "OpenFileDialogExample_DungToolBox", "OpenFileDialogExample_DungToolBox\OpenFileDialogExample_DungToolBox.csproj", "{A0E79EF1-D259-454D-9F31-63FBA8E98843}"
EndProject
Project("{FAE04EC0-301F-11D3-BF4B-00C04F79EFBC}") = "SaveFileDialogExample_TaoTheHienLopSaveFileDialog", "SaveFileDialogExample_TaoTheHienLopSaveFileDialog\SaveFileDialogExample_TaoTheHienLopSaveFileDialog.csproj", "{CD143861-0525-4638-AB7F-B3BB6B22E6BB}"
EndProject
Project("{FAE04EC0-301F-11D3-BF4B-00C04F79EFBC}") = "SaveFileDialogDemo_NotepadClone", "SaveFileDialogDemo_NotepadClone\SaveFileDialogDemo_NotepadClone.csproj", "{79BE3AF3-D0E7-4018-9739-F88CE13E53D4}"
EndProject
Project("{FAE04EC0-301F-11D3-BF4B-00C04F79EFBC}") = "FontDialogDemo_DungFontDialogThietLapFontChoControl", "FontDialogDemo_DungFontDialogThietLapFontChoControl\FontDialogDemo_DungFontDialogThietLapFontChoControl.csproj", "{7B5C747E-8E7E-4369-B3D7-4DDF2452CEB8}"
EndProject
Project("{FAE04EC0-301F-11D3-BF4B-00C04F79EFBC}") = "FontDialogExample_TaoNutApply", "FontDialogExample_TaoNutApply\FontDialogExample_TaoNutApply.csproj", "{3D26E4AF-C2E1-42B5-A86F-370C016D212E}"
EndProject
Project("{FAE04EC0-301F-11D3-BF4B-00C04F79EFBC}") = "ColorDialogDemo_ChonMauNenChoForm", "ColorDialogDemo_ChonMauNenChoForm\ColorDialogDemo_ChonMauNenChoForm.csproj", "{45183B8A-05EE-4544-A72F-86A63ED200CD}"
EndProject
Project("{FAE04EC0-301F-11D3-BF4B-00C04F79EFBC}") = "MessageBoxExample_MinhHoaMessageBox", "MessageBoxExample_MinhHoaMessageBox\MessageBoxExample_MinhHoaMessageBox.csproj", "{6F796D6C-B0F2-4827-A9F1-BDD9076A9D39}"
EndProject
Project("{FAE04EC0-301F-11D3-BF4B-00C04F79EFBC}") = "Login", "Login\Login.csproj", "{84DAEAAC-C11B-4A26-8824-CD5971937FFD}"
EndProject
Project("{FAE04EC0-301F-11D3-BF4B-00C04F79EFBC}") = "TestUserControl_Login", "TestUserControl_Login\TestUserControl_Login.csproj", "{CB11E111-4203-4082-B1C7-4112AAF6EE6F}"
EndProject
Project("{FAE04EC0-301F-11D3-BF4B-00C04F79EFBC}") = "BaiTap2_ChuongTrinhSoanVanBan", "BaiTap2_ChuongTrinhSoanVanBan\BaiTap2_ChuongTrinhSoanVanBan.csproj", "{9CCBA336-A799-4E76-A907-9E978E8D14A4}"
EndProject
Global
	GlobalSection(SolutionConfigurationPlatforms) = preSolution
		Debug|Any CPU = Debug|Any CPU
		Release|Any CPU = Release|Any CPU
	EndGlobalSection
	GlobalSection(ProjectConfigurationPlatforms) = postSolution
		{E5080FC2-930F-4E71-A4C5-8C3C6F7378AD}.Debug|Any CPU.ActiveCfg = Debug|Any CPU
		{E5080FC2-930F-4E71-A4C5-8C3C6F7378AD}.Debug|Any CPU.Build.0 = Debug|Any CPU
		{E5080FC2-930F-4E71-A4C5-8C3C6F7378AD}.Release|Any CPU.ActiveCfg = Release|Any CPU
		{E5080FC2-930F-4E71-A4C5-8C3C6F7378AD}.Release|Any CPU.Build.0 = Release|Any CPU
		{95472BA6-DD93-4DCD-A76F-92D8FD625C2C}.Debug|Any CPU.ActiveCfg = Debug|Any CPU
		{95472BA6-DD93-4DCD-A76F-92D8FD625C2C}.Debug|Any CPU.Build.0 = Debug|Any CPU
		{95472BA6-DD93-4DCD-A76F-92D8FD625C2C}.Release|Any CPU.ActiveCfg = Release|Any CPU
		{95472BA6-DD93-4DCD-A76F-92D8FD625C2C}.Release|Any CPU.Build.0 = Release|Any CPU
		{C4EA3544-C54C-450C-8FBA-DF5EFCBEB41E}.Debug|Any CPU.ActiveCfg = Debug|Any CPU
		{C4EA3544-C54C-450C-8FBA-DF5EFCBEB41E}.Debug|Any CPU.Build.0 = Debug|Any CPU
		{C4EA3544-C54C-450C-8FBA-DF5EFCBEB41E}.Release|Any CPU.ActiveCfg = Release|Any CPU
		{C4EA3544-C54C-450C-8FBA-DF5EFCBEB41E}.Release|Any CPU.Build.0 = Release|Any CPU
		{DA3382F2-86BD-4166-86C2-5B44B8FA90AF}.Debug|Any CPU.ActiveCfg = Debug|Any CPU
		{DA3382F2-86BD-4166-86C2-5B44B8FA90AF}.Debug|Any CPU.Build.0 = Debug|Any CPU
		{DA3382F2-86BD-4166-86C2-5B44B8FA90AF}.Release|Any CPU.ActiveCfg = Release|Any CPU
		{DA3382F2-86BD-4166-86C2-5B44B8FA90AF}.Release|Any CPU.Build.0 = Release|Any CPU
		{CC438BDC-7B4F-4589-9585-FFA940EC0E2F}.Debug|Any CPU.ActiveCfg = Debug|Any CPU
		{CC438BDC-7B4F-4589-9585-FFA940EC0E2F}.Debug|Any CPU.Build.0 = Debug|Any CPU
		{CC438BDC-7B4F-4589-9585-FFA940EC0E2F}.Release|Any CPU.ActiveCfg = Release|Any CPU
		{CC438BDC-7B4F-4589-9585-FFA940EC0E2F}.Release|Any CPU.Build.0 = Release|Any CPU
		{4B39D2E9-7855-4B15-861D-DEA75087374F}.Debug|Any CPU.ActiveCfg = Debug|Any CPU
		{4B39D2E9-7855-4B15-861D-DEA75087374F}.Debug|Any CPU.Build.0 = Debug|Any CPU
		{4B39D2E9-7855-4B15-861D-DEA75087374F}.Release|Any CPU.ActiveCfg = Release|Any CPU
		{4B39D2E9-7855-4B15-861D-DEA75087374F}.Release|Any CPU.Build.0 = Release|Any CPU
		{273D03D1-B5FC-4F93-A141-C61BEA518F6B}.Debug|Any CPU.ActiveCfg = Debug|Any CPU
		{273D03D1-B5FC-4F93-A141-C61BEA518F6B}.Debug|Any CPU.Build.0 = Debug|Any CPU
		{273D03D1-B5FC-4F93-A141-C61BEA518F6B}.Release|Any CPU.ActiveCfg = Release|Any CPU
		{273D03D1-B5FC-4F93-A141-C61BEA518F6B}.Release|Any CPU.Build.0 = Release|Any CPU
		{0FCFF6FE-51A4-4CB4-BCF7-383EBFD55CDB}.Debug|Any CPU.ActiveCfg = Debug|Any CPU
		{0FCFF6FE-51A4-4CB4-BCF7-383EBFD55CDB}.Debug|Any CPU.Build.0 = Debug|Any CPU
		{0FCFF6FE-51A4-4CB4-BCF7-383EBFD55CDB}.Release|Any CPU.ActiveCfg = Release|Any CPU
		{0FCFF6FE-51A4-4CB4-BCF7-383EBFD55CDB}.Release|Any CPU.Build.0 = Release|Any CPU
		{41DB1838-7EE3-44E2-8086-20AF9A30DC89}.Debug|Any CPU.ActiveCfg = Debug|Any CPU
		{41DB1838-7EE3-44E2-8086-20AF9A30DC89}.Debug|Any CPU.Build.0 = Debug|Any CPU
		{41DB1838-7EE3-44E2-8086-20AF9A30DC89}.Release|Any CPU.ActiveCfg = Release|Any CPU
		{41DB1838-7EE3-44E2-8086-20AF9A30DC89}.Release|Any CPU.Build.0 = Release|Any CPU
		{A0E79EF1-D259-454D-9F31-63FBA8E98843}.Debug|Any CPU.ActiveCfg = Debug|Any CPU
		{A0E79EF1-D259-454D-9F31-63FBA8E98843}.Debug|Any CPU.Build.0 = Debug|Any CPU
		{A0E79EF1-D259-454D-9F31-63FBA8E98843}.Release|Any CPU.ActiveCfg = Release|Any CPU
		{A0E79EF1-D259-454D-9F31-63FBA8E98843}.Release|Any CPU.Build.0 = Release|Any CPU
		{CD143861-0525-4638-AB7F-B3BB6B22E6BB}.Debug|Any CPU.ActiveCfg = Debug|Any CPU
		{CD143861-0525-4638-AB7F-B3BB6B22E6BB}.Debug|Any CPU.Build.0 = Debug|Any CPU
		{CD143861-0525-4638-AB7F-B3BB6B22E6BB}.Release|Any CPU.ActiveCfg = Release|Any CPU
		{CD143861-0525-4638-AB7F-B3BB6B22E6BB}.Release|Any CPU.Build.0 = Release|Any CPU
		{79BE3AF3-D0E7-4018-9739-F88CE13E53D4}.Debug|Any CPU.ActiveCfg = Debug|Any CPU
		{79BE3AF3-D0E7-4018-9739-F88CE13E53D4}.Debug|Any CPU.Build.0 = Debug|Any CPU
		{79BE3AF3-D0E7-4018-9739-F88CE13E53D4}.Release|Any CPU.ActiveCfg = Release|Any CPU
		{79BE3AF3-D0E7-4018-9739-F88CE13E53D4}.Release|Any CPU.Build.0 = Release|Any CPU
		{7B5C747E-8E7E-4369-B3D7-4DDF2452CEB8}.Debug|Any CPU.ActiveCfg = Debug|Any CPU
		{7B5C747E-8E7E-4369-B3D7-4DDF2452CEB8}.Debug|Any CPU.Build.0 = Debug|Any CPU
		{7B5C747E-8E7E-4369-B3D7-4DDF2452CEB8}.Release|Any CPU.ActiveCfg = Release|Any CPU
		{7B5C747E-8E7E-4369-B3D7-4DDF2452CEB8}.Release|Any CPU.Build.0 = Release|Any CPU
		{3D26E4AF-C2E1-42B5-A86F-370C016D212E}.Debug|Any CPU.ActiveCfg = Debug|Any CPU
		{3D26E4AF-C2E1-42B5-A86F-370C016D212E}.Debug|Any CPU.Build.0 = Debug|Any CPU
		{3D26E4AF-C2E1-42B5-A86F-370C016D212E}.Release|Any CPU.ActiveCfg = Release|Any CPU
		{3D26E4AF-C2E1-42B5-A86F-370C016D212E}.Release|Any CPU.Build.0 = Release|Any CPU
		{45183B8A-05EE-4544-A72F-86A63ED200CD}.Debug|Any CPU.ActiveCfg = Debug|Any CPU
		{45183B8A-05EE-4544-A72F-86A63ED200CD}.Debug|Any CPU.Build.0 = Debug|Any CPU
		{45183B8A-05EE-4544-A72F-86A63ED200CD}.Release|Any CPU.ActiveCfg = Release|Any CPU
		{45183B8A-05EE-4544-A72F-86A63ED200CD}.Release|Any CPU.Build.0 = Release|Any CPU
		{6F796D6C-B0F2-4827-A9F1-BDD9076A9D39}.Debug|Any CPU.ActiveCfg = Debug|Any CPU
		{6F796D6C-B0F2-4827-A9F1-BDD9076A9D39}.Debug|Any CPU.Build.0 = Debug|Any CPU
		{6F796D6C-B0F2-4827-A9F1-BDD9076A9D39}.Release|Any CPU.ActiveCfg = Release|Any CPU
		{6F796D6C-B0F2-4827-A9F1-BDD9076A9D39}.Release|Any CPU.Build.0 = Release|Any CPU
		{84DAEAAC-C11B-4A26-8824-CD5971937FFD}.Debug|Any CPU.ActiveCfg = Debug|Any CPU
		{84DAEAAC-C11B-4A26-8824-CD5971937FFD}.Debug|Any CPU.Build.0 = Debug|Any CPU
		{84DAEAAC-C11B-4A26-8824-CD5971937FFD}.Release|Any CPU.ActiveCfg = Release|Any CPU
		{84DAEAAC-C11B-4A26-8824-CD5971937FFD}.Release|Any CPU.Build.0 = Release|Any CPU
		{CB11E111-4203-4082-B1C7-4112AAF6EE6F}.Debug|Any CPU.ActiveCfg = Debug|Any CPU
		{CB11E111-4203-4082-B1C7-4112AAF6EE6F}.Debug|Any CPU.Build.0 = Debug|Any CPU
		{CB11E111-4203-4082-B1C7-4112AAF6EE6F}.Release|Any CPU.ActiveCfg = Release|Any CPU
		{CB11E111-4203-4082-B1C7-4112AAF6EE6F}.Release|Any CPU.Build.0 = Release|Any CPU
		{9CCBA336-A799-4E76-A907-9E978E8D14A4}.Debug|Any CPU.ActiveCfg = Debug|Any CPU
		{9CCBA336-A799-4E76-A907-9E978E8D14A4}.Debug|Any CPU.Build.0 = Debug|Any CPU
		{9CCBA336-A799-4E76-A907-9E978E8D14A4}.Release|Any CPU.ActiveCfg = Release|Any CPU
		{9CCBA336-A799-4E76-A907-9E978E8D14A4}.Release|Any CPU.Build.0 = Release|Any CPU
	EndGlobalSection
	GlobalSection(SolutionProperties) = preSolution
		HideSolutionNode = FALSE
	EndGlobalSection
	GlobalSection(ExtensibilityGlobals) = postSolution
		SolutionGuid = {B84615E6-B6A7-4303-8362-6CD1E9DBF5A2}
	EndGlobalSection
EndGlobal
