
Microsoft Visual Studio Solution File, Format Version 12.00
# Visual Studio Version 17
VisualStudioVersion = 17.6.33829.357
MinimumVisualStudioVersion = 10.0.40219.1
Project("{FAE04EC0-301F-11D3-BF4B-00C04F79EFBC}") = "KhaiBaoLop_ThuocTinhTruyCap", "Chuong02_HaPhuThinh_22521405\KhaiBaoLop_ThuocTinhTruyCap.csproj", "{0D0E76BA-C0F1-460D-865F-57CA57068127}"
EndProject
Project("{FAE04EC0-301F-11D3-BF4B-00C04F79EFBC}") = "KhoiTaoLop_KhoiTaoGiaTriChoThuocTinh", "KhoiTaoLop_KhoiTaoGiaTriChoThuocTinh\KhoiTaoLop_KhoiTaoGiaTriChoThuocTinh.csproj", "{5F505F3E-527F-40D7-A331-9E57D719920C}"
EndProject
Project("{FAE04EC0-301F-11D3-BF4B-00C04F79EFBC}") = "KhoiTaoGiaTrIChoThuocTinh_ObjectIntializer", "KhoiTaoGiaTrIChoThuocTinh_ObjectIntializer\KhoiTaoGiaTrIChoThuocTinh_ObjectIntializer.csproj", "{5D17845D-E398-4954-8CAC-7F05D9815491}"
EndProject
Project("{FAE04EC0-301F-11D3-BF4B-00C04F79EFBC}") = "KhoiTaoGiaTriChoThuocTinh_OptionalParameters", "KhoiTaoGiaTriChoThuocTinh_OptionalParameters\KhoiTaoGiaTriChoThuocTinh_OptionalParameters.csproj", "{19077591-FAED-48F1-B2C8-79E69E09996B}"
EndProject
Global
	GlobalSection(SolutionConfigurationPlatforms) = preSolution
		Debug|Any CPU = Debug|Any CPU
		Release|Any CPU = Release|Any CPU
	EndGlobalSection
	GlobalSection(ProjectConfigurationPlatforms) = postSolution
		{0D0E76BA-C0F1-460D-865F-57CA57068127}.Debug|Any CPU.ActiveCfg = Debug|Any CPU
		{0D0E76BA-C0F1-460D-865F-57CA57068127}.Debug|Any CPU.Build.0 = Debug|Any CPU
		{0D0E76BA-C0F1-460D-865F-57CA57068127}.Release|Any CPU.ActiveCfg = Release|Any CPU
		{0D0E76BA-C0F1-460D-865F-57CA57068127}.Release|Any CPU.Build.0 = Release|Any CPU
		{5F505F3E-527F-40D7-A331-9E57D719920C}.Debug|Any CPU.ActiveCfg = Debug|Any CPU
		{5F505F3E-527F-40D7-A331-9E57D719920C}.Debug|Any CPU.Build.0 = Debug|Any CPU
		{5F505F3E-527F-40D7-A331-9E57D719920C}.Release|Any CPU.ActiveCfg = Release|Any CPU
		{5F505F3E-527F-40D7-A331-9E57D719920C}.Release|Any CPU.Build.0 = Release|Any CPU
		{5D17845D-E398-4954-8CAC-7F05D9815491}.Debug|Any CPU.ActiveCfg = Debug|Any CPU
		{5D17845D-E398-4954-8CAC-7F05D9815491}.Debug|Any CPU.Build.0 = Debug|Any CPU
		{5D17845D-E398-4954-8CAC-7F05D9815491}.Release|Any CPU.ActiveCfg = Release|Any CPU
		{5D17845D-E398-4954-8CAC-7F05D9815491}.Release|Any CPU.Build.0 = Release|Any CPU
		{19077591-FAED-48F1-B2C8-79E69E09996B}.Debug|Any CPU.ActiveCfg = Debug|Any CPU
		{19077591-FAED-48F1-B2C8-79E69E09996B}.Debug|Any CPU.Build.0 = Debug|Any CPU
		{19077591-FAED-48F1-B2C8-79E69E09996B}.Release|Any CPU.ActiveCfg = Release|Any CPU
		{19077591-FAED-48F1-B2C8-79E69E09996B}.Release|Any CPU.Build.0 = Release|Any CPU
	EndGlobalSection
	GlobalSection(SolutionProperties) = preSolution
		HideSolutionNode = FALSE
	EndGlobalSection
	GlobalSection(ExtensibilityGlobals) = postSolution
		SolutionGuid = {47678905-8183-45CE-87FB-AF15DFB8765B}
	EndGlobalSection
EndGlobal
