
Microsoft Visual Studio Solution File, Format Version 12.00
# Visual Studio Version 17
VisualStudioVersion = 17.7.34031.279
MinimumVisualStudioVersion = 10.0.40219.1
Project("{9A19103F-16F7-4668-BE54-9A1E7A4F7556}") = "Bai01", "Bai01\Bai01.csproj", "{40547F19-C847-4D1F-BF34-AABF13F2F1A3}"
EndProject
Project("{FAE04EC0-301F-11D3-BF4B-00C04F79EFBC}") = "Bai02", "Bai02\Bai02.csproj", "{190EE064-9279-4A9B-90F8-4022C2F2DBBA}"
EndProject
Global
	GlobalSection(SolutionConfigurationPlatforms) = preSolution
		Debug|Any CPU = Debug|Any CPU
		Release|Any CPU = Release|Any CPU
	EndGlobalSection
	GlobalSection(ProjectConfigurationPlatforms) = postSolution
		{40547F19-C847-4D1F-BF34-AABF13F2F1A3}.Debug|Any CPU.ActiveCfg = Debug|Any CPU
		{40547F19-C847-4D1F-BF34-AABF13F2F1A3}.Debug|Any CPU.Build.0 = Debug|Any CPU
		{40547F19-C847-4D1F-BF34-AABF13F2F1A3}.Release|Any CPU.ActiveCfg = Release|Any CPU
		{40547F19-C847-4D1F-BF34-AABF13F2F1A3}.Release|Any CPU.Build.0 = Release|Any CPU
		{190EE064-9279-4A9B-90F8-4022C2F2DBBA}.Debug|Any CPU.ActiveCfg = Debug|Any CPU
		{190EE064-9279-4A9B-90F8-4022C2F2DBBA}.Debug|Any CPU.Build.0 = Debug|Any CPU
		{190EE064-9279-4A9B-90F8-4022C2F2DBBA}.Release|Any CPU.ActiveCfg = Release|Any CPU
		{190EE064-9279-4A9B-90F8-4022C2F2DBBA}.Release|Any CPU.Build.0 = Release|Any CPU
	EndGlobalSection
	GlobalSection(SolutionProperties) = preSolution
		HideSolutionNode = FALSE
	EndGlobalSection
	GlobalSection(ExtensibilityGlobals) = postSolution
		SolutionGuid = {B35C978B-4D22-4837-9E16-9D58094451C3}
	EndGlobalSection
EndGlobal
